
Microsoft Visual Studio Solution File, Format Version 12.00
# Visual Studio Version 17
VisualStudioVersion = 17.6.33815.320
MinimumVisualStudioVersion = 10.0.40219.1
Project("{FAE04EC0-301F-11D3-BF4B-00C04F79EFBC}") = "Safe-Campus", "Safe-Campus\Safe-Campus.csproj", "{61F47E07-28E5-4A14-9CDD-79CC90B3E495}"
EndProject
Global
	GlobalSection(SolutionConfigurationPlatforms) = preSolution
		Debug|Any CPU = Debug|Any CPU
		Release|Any CPU = Release|Any CPU
	EndGlobalSection
	GlobalSection(ProjectConfigurationPlatforms) = postSolution
		{61F47E07-28E5-4A14-9CDD-79CC90B3E495}.Debug|Any CPU.ActiveCfg = Debug|Any CPU
		{61F47E07-28E5-4A14-9CDD-79CC90B3E495}.Debug|Any CPU.Build.0 = Debug|Any CPU
		{61F47E07-28E5-4A14-9CDD-79CC90B3E495}.Release|Any CPU.ActiveCfg = Release|Any CPU
		{61F47E07-28E5-4A14-9CDD-79CC90B3E495}.Release|Any CPU.Build.0 = Release|Any CPU
	EndGlobalSection
	GlobalSection(SolutionProperties) = preSolution
		HideSolutionNode = FALSE
	EndGlobalSection
	GlobalSection(ExtensibilityGlobals) = postSolution
		SolutionGuid = {0A58E3C1-ECC9-4B19-AE97-094FDDA7170F}
	EndGlobalSection
EndGlobal
